{
  "name": "ymmersions",
  "version": "1.0.0",
  "lockfileVersion": 3,
  "requires": true,
  "packages": {
    "": {
      "name": "ymmersions",
      "version": "1.0.0",
      "license": "ISC",
      "dependencies": {
        "scoop": "^0.0.2"
      },
      "devDependencies": {}
    },
    "node_modules/scoop": {
      "version": "0.0.2",
      "resolved": "https://registry.npmjs.org/scoop/-/scoop-0.0.2.tgz",
      "integrity": "sha512-epgEC/vmIad9sT20iSq5Lb4/OhncrlLNm2cjJzUKtCey68wYfjiNFE3bUNjAQwzragU8zyhQDaKRcQJMA/wClg=="
    }
  }
}
